# This file is automatically @generated by Poetry 1.7.1 and should not be changed by hand.

[[package]]
name = "click"
version = "8.1.7"
description = "Composable command line interface toolkit"
optional = false
python-versions = ">=3.7"
files = [
    {file = "click-8.1.7-py3-none-any.whl", hash = "sha256:ae74fb96c20a0277a1d615f1e4d73c8414f5a98db8b799a7931d1582f3390c28"},
    {file = "click-8.1.7.tar.gz", hash = "sha256:ca9853ad459e787e2192211578cc907e7594e294c7ccc834310722b41b9ca6de"},
]

[package.dependencies]
colorama = {version = "*", markers = "platform_system == \"Windows\""}

[[package]]
name = "colorama"
version = "0.4.6"
description = "Cross-platform colored terminal text."
optional = false
python-versions = "!=3.0.*,!=3.1.*,!=3.2.*,!=3.3.*,!=3.4.*,!=3.5.*,!=3.6.*,>=2.7"
files = [
    {file = "colorama-0.4.6-py2.py3-none-any.whl", hash = "sha256:4f1d9991f5acc0ca119f9d443620b77f9d6b33703e51011c16baf57afb285fc6"},
    {file = "colorama-0.4.6.tar.gz", hash = "sha256:08695f5cb7ed6e0531a20572697297273c47b8cae5a63ffc6d6ed5c201be6e44"},
]

[[package]]
name = "pymupdf"
version = "1.23.12"
description = "A high performance Python library for data extraction, analysis, conversion & manipulation of PDF (and other) documents."
optional = false
python-versions = ">=3.8"
files = [
    {file = "PyMuPDF-1.23.12-cp310-none-macosx_10_9_x86_64.whl", hash = "sha256:ac88abf96796b18a49f775c4c4903e8e75f4d2f6635ef5e78d9e9631aa55ac7e"},
    {file = "PyMuPDF-1.23.12-cp310-none-macosx_11_0_arm64.whl", hash = "sha256:ea34b7188e6cb2ca18984e50924b2e38e26cf1b3c434fa5983810d9c0014dd5a"},
    {file = "PyMuPDF-1.23.12-cp310-none-manylinux2014_aarch64.whl", hash = "sha256:2fc43d6d1a9a6294aa30349bab4a72b9f518240b300774f06de51d2919526df9"},
    {file = "PyMuPDF-1.23.12-cp310-none-manylinux2014_x86_64.whl", hash = "sha256:78ce7d8611f4510493898afeab2b018f5d6c30989dc3bb80cf89e3e2b650a488"},
    {file = "PyMuPDF-1.23.12-cp310-none-win32.whl", hash = "sha256:672bd7f34468fa50f50571a81e7580b727ae027fee22d93ddd5cae9f4fdafdbc"},
    {file = "PyMuPDF-1.23.12-cp310-none-win_amd64.whl", hash = "sha256:cb5393f5192e9aab23b259e2b721cb40f3500280361af7482f5b1384a7720b6c"},
    {file = "PyMuPDF-1.23.12-cp311-none-macosx_10_9_x86_64.whl", hash = "sha256:410fd97050f67fbc3f7d17a0d0d7ac57f327cc83587478e837925628b2b35c18"},
    {file = "PyMuPDF-1.23.12-cp311-none-macosx_11_0_arm64.whl", hash = "sha256:3893813bc9beb6d245de9eb001cc9ca264538d900d0398877b4d83c16bf7e3fe"},
    {file = "PyMuPDF-1.23.12-cp311-none-manylinux2014_aarch64.whl", hash = "sha256:621b5c16a98f2db894a450fb2ec1f48417e4a3b4acb32ab2873cb9914874424e"},
    {file = "PyMuPDF-1.23.12-cp311-none-manylinux2014_x86_64.whl", hash = "sha256:b1dfdc95081366bc356104db643806288d5bb97bc708abc4196b44516dea0bb6"},
    {file = "PyMuPDF-1.23.12-cp311-none-win32.whl", hash = "sha256:3f26d1e0ce78084e3e0e916605b41160719b65288b22c5f1eca7171c3e6f1781"},
    {file = "PyMuPDF-1.23.12-cp311-none-win_amd64.whl", hash = "sha256:702926530e749abac23f2b6c77d608e136ebcc2034aa099bd0c7811536ae1834"},
    {file = "PyMuPDF-1.23.12-cp312-none-macosx_10_9_x86_64.whl", hash = "sha256:5693ce7d2925c5771348164b1a35335786f87a3c0cc2ad62b5ffa4db82914cb2"},
    {file = "PyMuPDF-1.23.12-cp312-none-macosx_11_0_arm64.whl", hash = "sha256:bd9bd3246c3a6beb927d7f0df3845773f28da4329ed10b4fee493e935781952c"},
    {file = "PyMuPDF-1.23.12-cp312-none-manylinux2014_aarch64.whl", hash = "sha256:91bfc88432a953f959d01f67b5b949fdf1137992017360dbe8ae0018523efb4e"},
    {file = "PyMuPDF-1.23.12-cp312-none-manylinux2014_x86_64.whl", hash = "sha256:d57a532179db210f5c28b1454613a91418fb4f235875b5e85668eb1bbc32da86"},
    {file = "PyMuPDF-1.23.12-cp312-none-win32.whl", hash = "sha256:9d71678fd922267c2fb5cfd73514a4e18b285a5c8fc3ded737c262e6d83e7020"},
    {file = "PyMuPDF-1.23.12-cp312-none-win_amd64.whl", hash = "sha256:6fafda3a0f9e23548a830d6fc777eee6ff86d658a01aae0cd6bcba1386a9fd4a"},
    {file = "PyMuPDF-1.23.12-cp38-none-macosx_10_9_x86_64.whl", hash = "sha256:afa419db9179655f2638ee5583fed304edce71bd6292cc00a581f84189111b46"},
    {file = "PyMuPDF-1.23.12-cp38-none-macosx_11_0_arm64.whl", hash = "sha256:7358880da3582271b3c6b2ffa5ebda16a452f9e53e6fa96c068308503995e42a"},
    {file = "PyMuPDF-1.23.12-cp38-none-manylinux2014_aarch64.whl", hash = "sha256:b542139c0d1e4df8783fc2a69769b52b73bc578a7f4532da202f10094ef80a01"},
    {file = "PyMuPDF-1.23.12-cp38-none-manylinux2014_x86_64.whl", hash = "sha256:4a3a9a3e04566176afef779f5a025fa5a699dd0df63579fc12c816602c5ae9ac"},
    {file = "PyMuPDF-1.23.12-cp38-none-win32.whl", hash = "sha256:15378b74cf4cf74a82fcf9c04d32bd6cb7d3e1d912b750237425871a03e62591"},
    {file = "PyMuPDF-1.23.12-cp38-none-win_amd64.whl", hash = "sha256:2f3c6059caf0ba1510ff716563bb07a6626b48939d4aff03b22b9bc3be9e9ddd"},
    {file = "PyMuPDF-1.23.12-cp39-none-macosx_10_9_x86_64.whl", hash = "sha256:22cac1e5bae8eb654528abc3ed10fe859e54e88bfd9c89cec915eadab6e9fb52"},
    {file = "PyMuPDF-1.23.12-cp39-none-macosx_11_0_arm64.whl", hash = "sha256:9c9730d47967acf45605b58f19aebc02b813e2d0f63f79a24930dcdabb3e90c5"},
    {file = "PyMuPDF-1.23.12-cp39-none-manylinux2014_aarch64.whl", hash = "sha256:5d25a35b4145615e872f8550e82f525859e58569e2fcc3fc0c984aa8994496b3"},
    {file = "PyMuPDF-1.23.12-cp39-none-manylinux2014_x86_64.whl", hash = "sha256:43e4b13244d61c495a76ed5e124dd5d3c5a462001373cad4a75421930b882aab"},
    {file = "PyMuPDF-1.23.12-cp39-none-win32.whl", hash = "sha256:b6f01b00da3014ec619e2ae61b952be5df72f72280655519a3065651c5f7aa29"},
    {file = "PyMuPDF-1.23.12-cp39-none-win_amd64.whl", hash = "sha256:f13f566a395556e302a64211e747c2cb3a1eb319efc95ac7a1916d2e86d10d5b"},
    {file = "PyMuPDF-1.23.12.tar.gz", hash = "sha256:45c38bbcfd163bc5c6d3eaa24a4c5a05561387504a6fca472984190a733131a5"},
]

[package.dependencies]
PyMuPDFb = "1.23.9"

[[package]]
name = "pymupdfb"
version = "1.23.9"
description = "MuPDF shared libraries for PyMuPDF."
optional = false
python-versions = ">=3.8"
files = [
    {file = "PyMuPDFb-1.23.9-py3-none-macosx_10_9_x86_64.whl", hash = "sha256:457cede084f0a6a80a5b3b678b48f72f5f7185f4be93440bd3b062472588cd05"},
    {file = "PyMuPDFb-1.23.9-py3-none-macosx_11_0_arm64.whl", hash = "sha256:ecf27e040d5faeadb1ade715a4b65cd8a23c6bc40c111df5a685b68ce4d779d2"},
    {file = "PyMuPDFb-1.23.9-py3-none-manylinux2014_aarch64.manylinux_2_17_aarch64.whl", hash = "sha256:29ab88d23eedd1e2f29e21692945dabfcff3d3b1f6bd97ac35d4984e9bd32ed0"},
    {file = "PyMuPDFb-1.23.9-py3-none-manylinux2014_x86_64.manylinux_2_17_x86_64.whl", hash = "sha256:bc7703ce110784d7b7f1fc7a59cb36072a07c6b2d19f5a5bf0a960227a8adb5c"},
    {file = "PyMuPDFb-1.23.9-py3-none-win32.whl", hash = "sha256:3f549891e558a6fc335eafe23d50bd4fda3c5f2dbfd7e9edf362d21ef5945fe9"},
    {file = "PyMuPDFb-1.23.9-py3-none-win_amd64.whl", hash = "sha256:6a2a631fbd03330347b1ecf53f5534c4f7375b44e60b5ad8f36c5c96d4e6ec35"},
]

[metadata]
lock-version = "2.0"
python-versions = "^3.11"
content-hash = "f68ae610f38388e8cd9aa522a5a52d7bbe3b04811a298b6d0ea7e7eb4549c301"
